
Microsoft Visual Studio Solution File, Format Version 12.00
# Visual Studio Version 17
VisualStudioVersion = 17.11.35327.3
MinimumVisualStudioVersion = 10.0.40219.1
Project("{2150E333-8FDC-42A3-9474-1A3956D46DE8}") = "Task0", "Task0", "{A1CF6EE6-7853-4055-9DB8-598D32BE320C}"
EndProject
Project("{9A19103F-16F7-4668-BE54-9A1E7A4F7556}") = "Tyuiu.OgorodnikDV.Sprint4.Task0.V28", "Tyuiu.OgorodnikDV.Sprint4.Task0.V28\Tyuiu.OgorodnikDV.Sprint4.Task0.V28.csproj", "{DA8F5FF6-9352-414E-A6E9-F80C89B027AD}"
EndProject
Project("{9A19103F-16F7-4668-BE54-9A1E7A4F7556}") = "Tyuiu.OgorodnikDV.Sprint4.Task0.V28.Lib", "Tyuiu.OgorodnikDV.Sprint4.Task0.V28.Lib\Tyuiu.OgorodnikDV.Sprint4.Task0.V28.Lib.csproj", "{5F013B15-410E-4C28-83AC-DAE6AA952C94}"
EndProject
Project("{9A19103F-16F7-4668-BE54-9A1E7A4F7556}") = "Tyuiu.OgorodnikDV.Sprint4.Task0.V28.Test", "Tyuiu.OgorodnikDV.Sprint4.Task0.V28.Test\Tyuiu.OgorodnikDV.Sprint4.Task0.V28.Test.csproj", "{C810F20D-A45C-4516-8A9D-68367FDCE895}"
EndProject
Project("{2150E333-8FDC-42A3-9474-1A3956D46DE8}") = "Task1", "Task1", "{27846977-74FE-4DE0-B0DF-AFA864D3324F}"
EndProject
Project("{9A19103F-16F7-4668-BE54-9A1E7A4F7556}") = "Tyuiu.OgorodnikDV.Sprint4.Task1.V9", "Tyuiu.OgorodnikDV.Sprint4.Task1.V9\Tyuiu.OgorodnikDV.Sprint4.Task1.V9.csproj", "{A71F7A6E-9093-4287-A090-878B9AF9A942}"
EndProject
Project("{9A19103F-16F7-4668-BE54-9A1E7A4F7556}") = "Tyuiu.OgorodnikDV.Sprint4.Task1.V9.Lib", "Tyuiu.OgorodnikDV.Sprint4.Task1.V9.Lib\Tyuiu.OgorodnikDV.Sprint4.Task1.V9.Lib.csproj", "{B934A86E-3D8A-4E25-9993-AEB4A19AA05D}"
EndProject
Project("{9A19103F-16F7-4668-BE54-9A1E7A4F7556}") = "Tyuiu.OgorodnikDV.Sprint4.Task1.V9.Test", "Tyuiu.OgorodnikDV.Sprint4.Task1.V9.Test\Tyuiu.OgorodnikDV.Sprint4.Task1.V9.Test.csproj", "{506D33A9-605A-4831-8C6C-3DACD23B8BA9}"
EndProject
Project("{2150E333-8FDC-42A3-9474-1A3956D46DE8}") = "Task2", "Task2", "{9E210415-388A-4D06-8BA1-5BC3E295E66D}"
EndProject
Project("{9A19103F-16F7-4668-BE54-9A1E7A4F7556}") = "Tyuiu.OgorodnikDV.Sprint4.Task2.V24", "Tyuiu.OgorodnikDV.Sprint4.Task2.V24\Tyuiu.OgorodnikDV.Sprint4.Task2.V24.csproj", "{A5996CDE-8C75-4959-A3B7-0DDB70D492FA}"
EndProject
Project("{9A19103F-16F7-4668-BE54-9A1E7A4F7556}") = "Tyuiu.OgorodnikDV.Sprint4.Task2.V24.Lib", "Tyuiu.OgorodnikDV.Sprint4.Task2.V24.Lib\Tyuiu.OgorodnikDV.Sprint4.Task2.V24.Lib.csproj", "{16F76C2D-BA3E-49F3-BC3B-278975418E8B}"
EndProject
Project("{9A19103F-16F7-4668-BE54-9A1E7A4F7556}") = "Tyuiu.OgorodnikDV.Sprint4.Task2.V24.Test", "Tyuiu.OgorodnikDV.Sprint4.Task2.V24.Test\Tyuiu.OgorodnikDV.Sprint4.Task2.V24.Test.csproj", "{EC69F0F4-6171-4BFC-9192-4E3B31EA30C7}"
EndProject
Project("{2150E333-8FDC-42A3-9474-1A3956D46DE8}") = "Task3", "Task3", "{9FF8FB31-6CEE-4B4D-B20A-63EFC7AF016C}"
EndProject
Project("{FAE04EC0-301F-11D3-BF4B-00C04F79EFBC}") = "Tyuiu.OgorodnikDV.Sprint4.Task3.V27", "Tyuiu.OgorodnikDV.Sprint4.Task3.V27\Tyuiu.OgorodnikDV.Sprint4.Task3.V27.csproj", "{679879B3-E8F6-43FB-B201-BE938C45F047}"
EndProject
Project("{FAE04EC0-301F-11D3-BF4B-00C04F79EFBC}") = "Tyuiu.OgorodnikDV.Sprint4.Task3.V27.Lib", "Tyuiu.OgorodnikDV.Sprint4.Task3.V27.Lib\Tyuiu.OgorodnikDV.Sprint4.Task3.V27.Lib.csproj", "{ED705B49-DCAD-4EB2-951D-7E933214A067}"
EndProject
Project("{FAE04EC0-301F-11D3-BF4B-00C04F79EFBC}") = "Tyuiu.OgorodnikDV.Sprint4.Task3.V27.Test", "Tyuiu.OgorodnikDV.Sprint4.Task3.V27.Test\Tyuiu.OgorodnikDV.Sprint4.Task3.V27.Test.csproj", "{60667FFB-ABA6-4ABD-9BFB-25E76775665B}"
EndProject
Project("{2150E333-8FDC-42A3-9474-1A3956D46DE8}") = "Task4", "Task4", "{29FEE079-4986-437B-BF3E-811D713DD2FC}"
EndProject
Project("{FAE04EC0-301F-11D3-BF4B-00C04F79EFBC}") = "Tyuiu.OgorodnikDV.Sprint4.Task4.V17", "Tyuiu.OgorodnikDV.Sprint4.Task4.V17\Tyuiu.OgorodnikDV.Sprint4.Task4.V17.csproj", "{2C1298A5-9315-4450-AE46-5EFD521D9354}"
EndProject
Project("{FAE04EC0-301F-11D3-BF4B-00C04F79EFBC}") = "Tyuiu.OgorodnikDV.Sprint4.Task4.V17.Lib", "Tyuiu.OgorodnikDV.Sprint4.Task4.V17.Lib\Tyuiu.OgorodnikDV.Sprint4.Task4.V17.Lib.csproj", "{DCAE30E1-49AB-469E-8741-571401F8C2CC}"
EndProject
Project("{FAE04EC0-301F-11D3-BF4B-00C04F79EFBC}") = "Tyuiu.OgorodnikDV.Sprint4.Task4.V17.Test", "Tyuiu.OgorodnikDV.Sprint4.Task4.V17.Test\Tyuiu.OgorodnikDV.Sprint4.Task4.V17.Test.csproj", "{73C7CD91-F429-4D15-A855-6B969A2BFBB6}"
EndProject
Project("{2150E333-8FDC-42A3-9474-1A3956D46DE8}") = "Task5", "Task5", "{32DF7AA6-3CE8-4FC4-8BA5-67919E156CF1}"
EndProject
Project("{FAE04EC0-301F-11D3-BF4B-00C04F79EFBC}") = "Tyuiu.OgorodnikDV.Sprint4.Task5.V18", "Tyuiu.OgorodnikDV.Sprint4.Task5.V18\Tyuiu.OgorodnikDV.Sprint4.Task5.V18.csproj", "{5CB95B11-2ECB-4136-9213-1D3A3C13C37F}"
EndProject
Project("{FAE04EC0-301F-11D3-BF4B-00C04F79EFBC}") = "Tyuiu.OgorodnikDV.Sprint4.Task5.V18.Lib", "Tyuiu.OgorodnikDV.Sprint4.Task5.V18.Lib\Tyuiu.OgorodnikDV.Sprint4.Task5.V18.Lib.csproj", "{89F489A5-01FD-4217-8EF4-9BF99236C582}"
EndProject
Project("{FAE04EC0-301F-11D3-BF4B-00C04F79EFBC}") = "Tyuiu.OgorodnikDV.Sprint4.Task5.V18.Test", "Tyuiu.OgorodnikDV.Sprint4.Task5.V18.Test\Tyuiu.OgorodnikDV.Sprint4.Task5.V18.Test.csproj", "{171DEB77-B879-453F-90CA-70C841B4B541}"
EndProject
Global
	GlobalSection(SolutionConfigurationPlatforms) = preSolution
		Debug|Any CPU = Debug|Any CPU
		Release|Any CPU = Release|Any CPU
	EndGlobalSection
	GlobalSection(ProjectConfigurationPlatforms) = postSolution
		{DA8F5FF6-9352-414E-A6E9-F80C89B027AD}.Debug|Any CPU.ActiveCfg = Debug|Any CPU
		{DA8F5FF6-9352-414E-A6E9-F80C89B027AD}.Debug|Any CPU.Build.0 = Debug|Any CPU
		{DA8F5FF6-9352-414E-A6E9-F80C89B027AD}.Release|Any CPU.ActiveCfg = Release|Any CPU
		{DA8F5FF6-9352-414E-A6E9-F80C89B027AD}.Release|Any CPU.Build.0 = Release|Any CPU
		{5F013B15-410E-4C28-83AC-DAE6AA952C94}.Debug|Any CPU.ActiveCfg = Debug|Any CPU
		{5F013B15-410E-4C28-83AC-DAE6AA952C94}.Debug|Any CPU.Build.0 = Debug|Any CPU
		{5F013B15-410E-4C28-83AC-DAE6AA952C94}.Release|Any CPU.ActiveCfg = Release|Any CPU
		{5F013B15-410E-4C28-83AC-DAE6AA952C94}.Release|Any CPU.Build.0 = Release|Any CPU
		{C810F20D-A45C-4516-8A9D-68367FDCE895}.Debug|Any CPU.ActiveCfg = Debug|Any CPU
		{C810F20D-A45C-4516-8A9D-68367FDCE895}.Debug|Any CPU.Build.0 = Debug|Any CPU
		{C810F20D-A45C-4516-8A9D-68367FDCE895}.Release|Any CPU.ActiveCfg = Release|Any CPU
		{C810F20D-A45C-4516-8A9D-68367FDCE895}.Release|Any CPU.Build.0 = Release|Any CPU
		{A71F7A6E-9093-4287-A090-878B9AF9A942}.Debug|Any CPU.ActiveCfg = Debug|Any CPU
		{A71F7A6E-9093-4287-A090-878B9AF9A942}.Debug|Any CPU.Build.0 = Debug|Any CPU
		{A71F7A6E-9093-4287-A090-878B9AF9A942}.Release|Any CPU.ActiveCfg = Release|Any CPU
		{A71F7A6E-9093-4287-A090-878B9AF9A942}.Release|Any CPU.Build.0 = Release|Any CPU
		{B934A86E-3D8A-4E25-9993-AEB4A19AA05D}.Debug|Any CPU.ActiveCfg = Debug|Any CPU
		{B934A86E-3D8A-4E25-9993-AEB4A19AA05D}.Debug|Any CPU.Build.0 = Debug|Any CPU
		{B934A86E-3D8A-4E25-9993-AEB4A19AA05D}.Release|Any CPU.ActiveCfg = Release|Any CPU
		{B934A86E-3D8A-4E25-9993-AEB4A19AA05D}.Release|Any CPU.Build.0 = Release|Any CPU
		{506D33A9-605A-4831-8C6C-3DACD23B8BA9}.Debug|Any CPU.ActiveCfg = Debug|Any CPU
		{506D33A9-605A-4831-8C6C-3DACD23B8BA9}.Debug|Any CPU.Build.0 = Debug|Any CPU
		{506D33A9-605A-4831-8C6C-3DACD23B8BA9}.Release|Any CPU.ActiveCfg = Release|Any CPU
		{506D33A9-605A-4831-8C6C-3DACD23B8BA9}.Release|Any CPU.Build.0 = Release|Any CPU
		{A5996CDE-8C75-4959-A3B7-0DDB70D492FA}.Debug|Any CPU.ActiveCfg = Debug|Any CPU
		{A5996CDE-8C75-4959-A3B7-0DDB70D492FA}.Debug|Any CPU.Build.0 = Debug|Any CPU
		{A5996CDE-8C75-4959-A3B7-0DDB70D492FA}.Release|Any CPU.ActiveCfg = Release|Any CPU
		{A5996CDE-8C75-4959-A3B7-0DDB70D492FA}.Release|Any CPU.Build.0 = Release|Any CPU
		{16F76C2D-BA3E-49F3-BC3B-278975418E8B}.Debug|Any CPU.ActiveCfg = Debug|Any CPU
		{16F76C2D-BA3E-49F3-BC3B-278975418E8B}.Debug|Any CPU.Build.0 = Debug|Any CPU
		{16F76C2D-BA3E-49F3-BC3B-278975418E8B}.Release|Any CPU.ActiveCfg = Release|Any CPU
		{16F76C2D-BA3E-49F3-BC3B-278975418E8B}.Release|Any CPU.Build.0 = Release|Any CPU
		{EC69F0F4-6171-4BFC-9192-4E3B31EA30C7}.Debug|Any CPU.ActiveCfg = Debug|Any CPU
		{EC69F0F4-6171-4BFC-9192-4E3B31EA30C7}.Debug|Any CPU.Build.0 = Debug|Any CPU
		{EC69F0F4-6171-4BFC-9192-4E3B31EA30C7}.Release|Any CPU.ActiveCfg = Release|Any CPU
		{EC69F0F4-6171-4BFC-9192-4E3B31EA30C7}.Release|Any CPU.Build.0 = Release|Any CPU
		{679879B3-E8F6-43FB-B201-BE938C45F047}.Debug|Any CPU.ActiveCfg = Debug|Any CPU
		{679879B3-E8F6-43FB-B201-BE938C45F047}.Debug|Any CPU.Build.0 = Debug|Any CPU
		{679879B3-E8F6-43FB-B201-BE938C45F047}.Release|Any CPU.ActiveCfg = Release|Any CPU
		{679879B3-E8F6-43FB-B201-BE938C45F047}.Release|Any CPU.Build.0 = Release|Any CPU
		{ED705B49-DCAD-4EB2-951D-7E933214A067}.Debug|Any CPU.ActiveCfg = Debug|Any CPU
		{ED705B49-DCAD-4EB2-951D-7E933214A067}.Debug|Any CPU.Build.0 = Debug|Any CPU
		{ED705B49-DCAD-4EB2-951D-7E933214A067}.Release|Any CPU.ActiveCfg = Release|Any CPU
		{ED705B49-DCAD-4EB2-951D-7E933214A067}.Release|Any CPU.Build.0 = Release|Any CPU
		{60667FFB-ABA6-4ABD-9BFB-25E76775665B}.Debug|Any CPU.ActiveCfg = Debug|Any CPU
		{60667FFB-ABA6-4ABD-9BFB-25E76775665B}.Debug|Any CPU.Build.0 = Debug|Any CPU
		{60667FFB-ABA6-4ABD-9BFB-25E76775665B}.Release|Any CPU.ActiveCfg = Release|Any CPU
		{60667FFB-ABA6-4ABD-9BFB-25E76775665B}.Release|Any CPU.Build.0 = Release|Any CPU
		{2C1298A5-9315-4450-AE46-5EFD521D9354}.Debug|Any CPU.ActiveCfg = Debug|Any CPU
		{2C1298A5-9315-4450-AE46-5EFD521D9354}.Debug|Any CPU.Build.0 = Debug|Any CPU
		{2C1298A5-9315-4450-AE46-5EFD521D9354}.Release|Any CPU.ActiveCfg = Release|Any CPU
		{2C1298A5-9315-4450-AE46-5EFD521D9354}.Release|Any CPU.Build.0 = Release|Any CPU
		{DCAE30E1-49AB-469E-8741-571401F8C2CC}.Debug|Any CPU.ActiveCfg = Debug|Any CPU
		{DCAE30E1-49AB-469E-8741-571401F8C2CC}.Debug|Any CPU.Build.0 = Debug|Any CPU
		{DCAE30E1-49AB-469E-8741-571401F8C2CC}.Release|Any CPU.ActiveCfg = Release|Any CPU
		{DCAE30E1-49AB-469E-8741-571401F8C2CC}.Release|Any CPU.Build.0 = Release|Any CPU
		{73C7CD91-F429-4D15-A855-6B969A2BFBB6}.Debug|Any CPU.ActiveCfg = Debug|Any CPU
		{73C7CD91-F429-4D15-A855-6B969A2BFBB6}.Debug|Any CPU.Build.0 = Debug|Any CPU
		{73C7CD91-F429-4D15-A855-6B969A2BFBB6}.Release|Any CPU.ActiveCfg = Release|Any CPU
		{73C7CD91-F429-4D15-A855-6B969A2BFBB6}.Release|Any CPU.Build.0 = Release|Any CPU
		{5CB95B11-2ECB-4136-9213-1D3A3C13C37F}.Debug|Any CPU.ActiveCfg = Debug|Any CPU
		{5CB95B11-2ECB-4136-9213-1D3A3C13C37F}.Debug|Any CPU.Build.0 = Debug|Any CPU
		{5CB95B11-2ECB-4136-9213-1D3A3C13C37F}.Release|Any CPU.ActiveCfg = Release|Any CPU
		{5CB95B11-2ECB-4136-9213-1D3A3C13C37F}.Release|Any CPU.Build.0 = Release|Any CPU
		{89F489A5-01FD-4217-8EF4-9BF99236C582}.Debug|Any CPU.ActiveCfg = Debug|Any CPU
		{89F489A5-01FD-4217-8EF4-9BF99236C582}.Debug|Any CPU.Build.0 = Debug|Any CPU
		{89F489A5-01FD-4217-8EF4-9BF99236C582}.Release|Any CPU.ActiveCfg = Release|Any CPU
		{89F489A5-01FD-4217-8EF4-9BF99236C582}.Release|Any CPU.Build.0 = Release|Any CPU
		{171DEB77-B879-453F-90CA-70C841B4B541}.Debug|Any CPU.ActiveCfg = Debug|Any CPU
		{171DEB77-B879-453F-90CA-70C841B4B541}.Debug|Any CPU.Build.0 = Debug|Any CPU
		{171DEB77-B879-453F-90CA-70C841B4B541}.Release|Any CPU.ActiveCfg = Release|Any CPU
		{171DEB77-B879-453F-90CA-70C841B4B541}.Release|Any CPU.Build.0 = Release|Any CPU
	EndGlobalSection
	GlobalSection(SolutionProperties) = preSolution
		HideSolutionNode = FALSE
	EndGlobalSection
	GlobalSection(NestedProjects) = preSolution
		{DA8F5FF6-9352-414E-A6E9-F80C89B027AD} = {A1CF6EE6-7853-4055-9DB8-598D32BE320C}
		{5F013B15-410E-4C28-83AC-DAE6AA952C94} = {A1CF6EE6-7853-4055-9DB8-598D32BE320C}
		{C810F20D-A45C-4516-8A9D-68367FDCE895} = {A1CF6EE6-7853-4055-9DB8-598D32BE320C}
		{A71F7A6E-9093-4287-A090-878B9AF9A942} = {27846977-74FE-4DE0-B0DF-AFA864D3324F}
		{B934A86E-3D8A-4E25-9993-AEB4A19AA05D} = {27846977-74FE-4DE0-B0DF-AFA864D3324F}
		{506D33A9-605A-4831-8C6C-3DACD23B8BA9} = {27846977-74FE-4DE0-B0DF-AFA864D3324F}
		{A5996CDE-8C75-4959-A3B7-0DDB70D492FA} = {9E210415-388A-4D06-8BA1-5BC3E295E66D}
		{16F76C2D-BA3E-49F3-BC3B-278975418E8B} = {9E210415-388A-4D06-8BA1-5BC3E295E66D}
		{EC69F0F4-6171-4BFC-9192-4E3B31EA30C7} = {9E210415-388A-4D06-8BA1-5BC3E295E66D}
		{679879B3-E8F6-43FB-B201-BE938C45F047} = {9FF8FB31-6CEE-4B4D-B20A-63EFC7AF016C}
		{ED705B49-DCAD-4EB2-951D-7E933214A067} = {9FF8FB31-6CEE-4B4D-B20A-63EFC7AF016C}
		{60667FFB-ABA6-4ABD-9BFB-25E76775665B} = {9FF8FB31-6CEE-4B4D-B20A-63EFC7AF016C}
		{2C1298A5-9315-4450-AE46-5EFD521D9354} = {29FEE079-4986-437B-BF3E-811D713DD2FC}
		{DCAE30E1-49AB-469E-8741-571401F8C2CC} = {29FEE079-4986-437B-BF3E-811D713DD2FC}
		{73C7CD91-F429-4D15-A855-6B969A2BFBB6} = {29FEE079-4986-437B-BF3E-811D713DD2FC}
		{5CB95B11-2ECB-4136-9213-1D3A3C13C37F} = {32DF7AA6-3CE8-4FC4-8BA5-67919E156CF1}
		{89F489A5-01FD-4217-8EF4-9BF99236C582} = {32DF7AA6-3CE8-4FC4-8BA5-67919E156CF1}
		{171DEB77-B879-453F-90CA-70C841B4B541} = {32DF7AA6-3CE8-4FC4-8BA5-67919E156CF1}
	EndGlobalSection
	GlobalSection(ExtensibilityGlobals) = postSolution
		SolutionGuid = {9CCF88FA-24EC-4F64-AC72-29C27079EDE0}
	EndGlobalSection
EndGlobal
