
Microsoft Visual Studio Solution File, Format Version 12.00
# Visual Studio Version 17
VisualStudioVersion = 17.11.35327.3
MinimumVisualStudioVersion = 10.0.40219.1
Project("{2150E333-8FDC-42A3-9474-1A3956D46DE8}") = "Task0", "Task0", "{A1CF6EE6-7853-4055-9DB8-598D32BE320C}"
EndProject
Project("{FAE04EC0-301F-11D3-BF4B-00C04F79EFBC}") = "Tyuiu.OgorodnikDV.Sprint4.Task0.V28", "Tyuiu.OgorodnikDV.Sprint4.Task0.V28\Tyuiu.OgorodnikDV.Sprint4.Task0.V28.csproj", "{DA8F5FF6-9352-414E-A6E9-F80C89B027AD}"
EndProject
Project("{FAE04EC0-301F-11D3-BF4B-00C04F79EFBC}") = "Tyuiu.OgorodnikDV.Sprint4.Task0.V28.Lib", "Tyuiu.OgorodnikDV.Sprint4.Task0.V28.Lib\Tyuiu.OgorodnikDV.Sprint4.Task0.V28.Lib.csproj", "{5F013B15-410E-4C28-83AC-DAE6AA952C94}"
EndProject
Project("{FAE04EC0-301F-11D3-BF4B-00C04F79EFBC}") = "Tyuiu.OgorodnikDV.Sprint4.Task0.V28.Test", "Tyuiu.OgorodnikDV.Sprint4.Task0.V28.Test\Tyuiu.OgorodnikDV.Sprint4.Task0.V28.Test.csproj", "{C810F20D-A45C-4516-8A9D-68367FDCE895}"
EndProject
Project("{2150E333-8FDC-42A3-9474-1A3956D46DE8}") = "Task1", "Task1", "{27846977-74FE-4DE0-B0DF-AFA864D3324F}"
EndProject
Project("{FAE04EC0-301F-11D3-BF4B-00C04F79EFBC}") = "Tyuiu.OgorodnikDV.Sprint4.Task1.V9", "Tyuiu.OgorodnikDV.Sprint4.Task1.V9\Tyuiu.OgorodnikDV.Sprint4.Task1.V9.csproj", "{A71F7A6E-9093-4287-A090-878B9AF9A942}"
EndProject
Project("{FAE04EC0-301F-11D3-BF4B-00C04F79EFBC}") = "Tyuiu.OgorodnikDV.Sprint4.Task1.V9.Lib", "Tyuiu.OgorodnikDV.Sprint4.Task1.V9.Lib\Tyuiu.OgorodnikDV.Sprint4.Task1.V9.Lib.csproj", "{B934A86E-3D8A-4E25-9993-AEB4A19AA05D}"
EndProject
Project("{FAE04EC0-301F-11D3-BF4B-00C04F79EFBC}") = "Tyuiu.OgorodnikDV.Sprint4.Task1.V9.Test", "Tyuiu.OgorodnikDV.Sprint4.Task1.V9.Test\Tyuiu.OgorodnikDV.Sprint4.Task1.V9.Test.csproj", "{506D33A9-605A-4831-8C6C-3DACD23B8BA9}"
EndProject
Project("{2150E333-8FDC-42A3-9474-1A3956D46DE8}") = "Task2", "Task2", "{9E210415-388A-4D06-8BA1-5BC3E295E66D}"
EndProject
Project("{FAE04EC0-301F-11D3-BF4B-00C04F79EFBC}") = "Tyuiu.OgorodnikDV.Sprint4.Task2.V24", "Tyuiu.OgorodnikDV.Sprint4.Task2.V24\Tyuiu.OgorodnikDV.Sprint4.Task2.V24.csproj", "{A5996CDE-8C75-4959-A3B7-0DDB70D492FA}"
EndProject
Project("{FAE04EC0-301F-11D3-BF4B-00C04F79EFBC}") = "Tyuiu.OgorodnikDV.Sprint4.Task2.V24.Lib", "Tyuiu.OgorodnikDV.Sprint4.Task2.V24.Lib\Tyuiu.OgorodnikDV.Sprint4.Task2.V24.Lib.csproj", "{16F76C2D-BA3E-49F3-BC3B-278975418E8B}"
EndProject
Project("{FAE04EC0-301F-11D3-BF4B-00C04F79EFBC}") = "Tyuiu.OgorodnikDV.Sprint4.Task2.V24.Test", "Tyuiu.OgorodnikDV.Sprint4.Task2.V24.Test\Tyuiu.OgorodnikDV.Sprint4.Task2.V24.Test.csproj", "{EC69F0F4-6171-4BFC-9192-4E3B31EA30C7}"
EndProject
Global
	GlobalSection(SolutionConfigurationPlatforms) = preSolution
		Debug|Any CPU = Debug|Any CPU
		Release|Any CPU = Release|Any CPU
	EndGlobalSection
	GlobalSection(ProjectConfigurationPlatforms) = postSolution
		{DA8F5FF6-9352-414E-A6E9-F80C89B027AD}.Debug|Any CPU.ActiveCfg = Debug|Any CPU
		{DA8F5FF6-9352-414E-A6E9-F80C89B027AD}.Debug|Any CPU.Build.0 = Debug|Any CPU
		{DA8F5FF6-9352-414E-A6E9-F80C89B027AD}.Release|Any CPU.ActiveCfg = Release|Any CPU
		{DA8F5FF6-9352-414E-A6E9-F80C89B027AD}.Release|Any CPU.Build.0 = Release|Any CPU
		{5F013B15-410E-4C28-83AC-DAE6AA952C94}.Debug|Any CPU.ActiveCfg = Debug|Any CPU
		{5F013B15-410E-4C28-83AC-DAE6AA952C94}.Debug|Any CPU.Build.0 = Debug|Any CPU
		{5F013B15-410E-4C28-83AC-DAE6AA952C94}.Release|Any CPU.ActiveCfg = Release|Any CPU
		{5F013B15-410E-4C28-83AC-DAE6AA952C94}.Release|Any CPU.Build.0 = Release|Any CPU
		{C810F20D-A45C-4516-8A9D-68367FDCE895}.Debug|Any CPU.ActiveCfg = Debug|Any CPU
		{C810F20D-A45C-4516-8A9D-68367FDCE895}.Debug|Any CPU.Build.0 = Debug|Any CPU
		{C810F20D-A45C-4516-8A9D-68367FDCE895}.Release|Any CPU.ActiveCfg = Release|Any CPU
		{C810F20D-A45C-4516-8A9D-68367FDCE895}.Release|Any CPU.Build.0 = Release|Any CPU
		{A71F7A6E-9093-4287-A090-878B9AF9A942}.Debug|Any CPU.ActiveCfg = Debug|Any CPU
		{A71F7A6E-9093-4287-A090-878B9AF9A942}.Debug|Any CPU.Build.0 = Debug|Any CPU
		{A71F7A6E-9093-4287-A090-878B9AF9A942}.Release|Any CPU.ActiveCfg = Release|Any CPU
		{A71F7A6E-9093-4287-A090-878B9AF9A942}.Release|Any CPU.Build.0 = Release|Any CPU
		{B934A86E-3D8A-4E25-9993-AEB4A19AA05D}.Debug|Any CPU.ActiveCfg = Debug|Any CPU
		{B934A86E-3D8A-4E25-9993-AEB4A19AA05D}.Debug|Any CPU.Build.0 = Debug|Any CPU
		{B934A86E-3D8A-4E25-9993-AEB4A19AA05D}.Release|Any CPU.ActiveCfg = Release|Any CPU
		{B934A86E-3D8A-4E25-9993-AEB4A19AA05D}.Release|Any CPU.Build.0 = Release|Any CPU
		{506D33A9-605A-4831-8C6C-3DACD23B8BA9}.Debug|Any CPU.ActiveCfg = Debug|Any CPU
		{506D33A9-605A-4831-8C6C-3DACD23B8BA9}.Debug|Any CPU.Build.0 = Debug|Any CPU
		{506D33A9-605A-4831-8C6C-3DACD23B8BA9}.Release|Any CPU.ActiveCfg = Release|Any CPU
		{506D33A9-605A-4831-8C6C-3DACD23B8BA9}.Release|Any CPU.Build.0 = Release|Any CPU
		{A5996CDE-8C75-4959-A3B7-0DDB70D492FA}.Debug|Any CPU.ActiveCfg = Debug|Any CPU
		{A5996CDE-8C75-4959-A3B7-0DDB70D492FA}.Debug|Any CPU.Build.0 = Debug|Any CPU
		{A5996CDE-8C75-4959-A3B7-0DDB70D492FA}.Release|Any CPU.ActiveCfg = Release|Any CPU
		{A5996CDE-8C75-4959-A3B7-0DDB70D492FA}.Release|Any CPU.Build.0 = Release|Any CPU
		{16F76C2D-BA3E-49F3-BC3B-278975418E8B}.Debug|Any CPU.ActiveCfg = Debug|Any CPU
		{16F76C2D-BA3E-49F3-BC3B-278975418E8B}.Debug|Any CPU.Build.0 = Debug|Any CPU
		{16F76C2D-BA3E-49F3-BC3B-278975418E8B}.Release|Any CPU.ActiveCfg = Release|Any CPU
		{16F76C2D-BA3E-49F3-BC3B-278975418E8B}.Release|Any CPU.Build.0 = Release|Any CPU
		{EC69F0F4-6171-4BFC-9192-4E3B31EA30C7}.Debug|Any CPU.ActiveCfg = Debug|Any CPU
		{EC69F0F4-6171-4BFC-9192-4E3B31EA30C7}.Debug|Any CPU.Build.0 = Debug|Any CPU
		{EC69F0F4-6171-4BFC-9192-4E3B31EA30C7}.Release|Any CPU.ActiveCfg = Release|Any CPU
		{EC69F0F4-6171-4BFC-9192-4E3B31EA30C7}.Release|Any CPU.Build.0 = Release|Any CPU
	EndGlobalSection
	GlobalSection(SolutionProperties) = preSolution
		HideSolutionNode = FALSE
	EndGlobalSection
	GlobalSection(NestedProjects) = preSolution
		{DA8F5FF6-9352-414E-A6E9-F80C89B027AD} = {A1CF6EE6-7853-4055-9DB8-598D32BE320C}
		{5F013B15-410E-4C28-83AC-DAE6AA952C94} = {A1CF6EE6-7853-4055-9DB8-598D32BE320C}
		{C810F20D-A45C-4516-8A9D-68367FDCE895} = {A1CF6EE6-7853-4055-9DB8-598D32BE320C}
		{A71F7A6E-9093-4287-A090-878B9AF9A942} = {27846977-74FE-4DE0-B0DF-AFA864D3324F}
		{B934A86E-3D8A-4E25-9993-AEB4A19AA05D} = {27846977-74FE-4DE0-B0DF-AFA864D3324F}
		{506D33A9-605A-4831-8C6C-3DACD23B8BA9} = {27846977-74FE-4DE0-B0DF-AFA864D3324F}
		{A5996CDE-8C75-4959-A3B7-0DDB70D492FA} = {9E210415-388A-4D06-8BA1-5BC3E295E66D}
		{16F76C2D-BA3E-49F3-BC3B-278975418E8B} = {9E210415-388A-4D06-8BA1-5BC3E295E66D}
		{EC69F0F4-6171-4BFC-9192-4E3B31EA30C7} = {9E210415-388A-4D06-8BA1-5BC3E295E66D}
	EndGlobalSection
	GlobalSection(ExtensibilityGlobals) = postSolution
		SolutionGuid = {9CCF88FA-24EC-4F64-AC72-29C27079EDE0}
	EndGlobalSection
EndGlobal
